Microsoft Visual Studio Solution File, Format Version 8.00
Project("{8BC9CEB8-8B4A-11D0-8D11-00A0C91BC942}") = "clibpdf", "clibpdf.vcproj", "{822E9D09-93C1-4745-83BA-4225A3C75550}"
	ProjectSection(ProjectDependencies) = postProject
	EndProjectSection
EndProject
Global
	GlobalSection(SolutionConfiguration) = preSolution
		Debug = Debug
		Release = Release
	EndGlobalSection
	GlobalSection(ProjectConfiguration) = postSolution
		{822E9D09-93C1-4745-83BA-4225A3C75550}.Debug.ActiveCfg = Debug|Win32
		{822E9D09-93C1-4745-83BA-4225A3C75550}.Debug.Build.0 = Debug|Win32
		{822E9D09-93C1-4745-83BA-4225A3C75550}.Release.ActiveCfg = Release|Win32
		{822E9D09-93C1-4745-83BA-4225A3C75550}.Release.Build.0 = Release|Win32
	EndGlobalSection
	GlobalSection(ExtensibilityGlobals) = postSolution
	EndGlobalSection
	GlobalSection(ExtensibilityAddIns) = postSolution
	EndGlobalSection
EndGlobal
